
Microsoft Visual Studio Solution File, Format Version 12.00
# Visual Studio Version 17
VisualStudioVersion = 17.11.35208.52
MinimumVisualStudioVersion = 10.0.40219.1
Project("{2150E333-8FDC-42A3-9474-1A3956D46DE8}") = "libs", "libs", "{E48489AB-B880-4C98-92D3-4E171FB1735C}"
EndProject
Project("{2150E333-8FDC-42A3-9474-1A3956D46DE8}") = "tests", "tests", "{37ABC77B-D881-471D-AF7A-1A5E8118D534}"
EndProject
Project("{2150E333-8FDC-42A3-9474-1A3956D46DE8}") = ".github", ".github", "{CE0D7DF2-5343-4277-99B4-595407930582}"
EndProject
Project("{2150E333-8FDC-42A3-9474-1A3956D46DE8}") = "workflows", "workflows", "{29F06FCC-08A1-47E7-BD83-9C0AB6F1DB7C}"
	ProjectSection(SolutionItems) = preProject
		.github\workflows\main.yml = .github\workflows\main.yml
		.github\workflows\release.yml = .github\workflows\release.yml
	EndProjectSection
EndProject
Project("{2150E333-8FDC-42A3-9474-1A3956D46DE8}") = "build", "build", "{158819D8-F88C-4F77-890F-D0C2E4D56C08}"
	ProjectSection(SolutionItems) = preProject
		build\.editorconfig = build\.editorconfig
		build\.gitignore = build\.gitignore
		build\coverlet.runsettings = build\coverlet.runsettings
		build\Directory.Build.props = build\Directory.Build.props
		build\Directory.Build.targets = build\Directory.Build.targets
		build\Directory.Packages.props = build\Directory.Packages.props
		build\LICENSE = build\LICENSE
		build\NuGet.config = build\NuGet.config
		build\README.md = build\README.md
	EndProjectSection
EndProject
Project("{2150E333-8FDC-42A3-9474-1A3956D46DE8}") = ".config", ".config", "{2D910A8D-DA83-4A1D-B24B-4F86B4D2C913}"
	ProjectSection(SolutionItems) = preProject
		build\.config\dotnet-tools.json = build\.config\dotnet-tools.json
	EndProjectSection
EndProject
Project("{9A19103F-16F7-4668-BE54-9A1E7A4F7556}") = "Build.Abstractions", "build\apps\Build.Abstractions\Build.Abstractions.csproj", "{47CCBF75-4B41-41CB-9201-94D09A046C7D}"
EndProject
Project("{9A19103F-16F7-4668-BE54-9A1E7A4F7556}") = "Build", "build\apps\Build\Build.csproj", "{97639CDE-C698-4FD7-995F-8AE44F1BF8E0}"
EndProject
Project("{9A19103F-16F7-4668-BE54-9A1E7A4F7556}") = "FuManchu", "libs\FuManchu\FuManchu.csproj", "{83D92240-965A-4E84-8686-48EAAA153FE6}"
EndProject
Project("{9A19103F-16F7-4668-BE54-9A1E7A4F7556}") = "FuManchu.Tests", "tests\FuManchu.Tests\FuManchu.Tests.csproj", "{5657C855-7F41-4BBD-8F28-6158C9F4412B}"
EndProject
Project("{2150E333-8FDC-42A3-9474-1A3956D46DE8}") = "apps", "apps", "{7DF84E8F-934C-4AF3-9AA1-5465BF597E57}"
EndProject
Project("{FAE04EC0-301F-11D3-BF4B-00C04F79EFBC}") = "FuManchu.Benckmarking", "apps\FuManchu.Benckmarking\FuManchu.Benckmarking.csproj", "{EAB25E3C-BB47-4D8B-B6E6-2770BA922448}"
EndProject
Global
	GlobalSection(SolutionConfigurationPlatforms) = preSolution
		Debug|Any CPU = Debug|Any CPU
		Release|Any CPU = Release|Any CPU
	EndGlobalSection
	GlobalSection(ProjectConfigurationPlatforms) = postSolution
		{47CCBF75-4B41-41CB-9201-94D09A046C7D}.Debug|Any CPU.ActiveCfg = Debug|Any CPU
		{47CCBF75-4B41-41CB-9201-94D09A046C7D}.Debug|Any CPU.Build.0 = Debug|Any CPU
		{47CCBF75-4B41-41CB-9201-94D09A046C7D}.Release|Any CPU.ActiveCfg = Release|Any CPU
		{47CCBF75-4B41-41CB-9201-94D09A046C7D}.Release|Any CPU.Build.0 = Release|Any CPU
		{97639CDE-C698-4FD7-995F-8AE44F1BF8E0}.Debug|Any CPU.ActiveCfg = Debug|Any CPU
		{97639CDE-C698-4FD7-995F-8AE44F1BF8E0}.Debug|Any CPU.Build.0 = Debug|Any CPU
		{97639CDE-C698-4FD7-995F-8AE44F1BF8E0}.Release|Any CPU.ActiveCfg = Release|Any CPU
		{97639CDE-C698-4FD7-995F-8AE44F1BF8E0}.Release|Any CPU.Build.0 = Release|Any CPU
		{83D92240-965A-4E84-8686-48EAAA153FE6}.Debug|Any CPU.ActiveCfg = Debug|Any CPU
		{83D92240-965A-4E84-8686-48EAAA153FE6}.Debug|Any CPU.Build.0 = Debug|Any CPU
		{83D92240-965A-4E84-8686-48EAAA153FE6}.Release|Any CPU.ActiveCfg = Release|Any CPU
		{83D92240-965A-4E84-8686-48EAAA153FE6}.Release|Any CPU.Build.0 = Release|Any CPU
		{5657C855-7F41-4BBD-8F28-6158C9F4412B}.Debug|Any CPU.ActiveCfg = Debug|Any CPU
		{5657C855-7F41-4BBD-8F28-6158C9F4412B}.Debug|Any CPU.Build.0 = Debug|Any CPU
		{5657C855-7F41-4BBD-8F28-6158C9F4412B}.Release|Any CPU.ActiveCfg = Release|Any CPU
		{5657C855-7F41-4BBD-8F28-6158C9F4412B}.Release|Any CPU.Build.0 = Release|Any CPU
		{EAB25E3C-BB47-4D8B-B6E6-2770BA922448}.Debug|Any CPU.ActiveCfg = Debug|Any CPU
		{EAB25E3C-BB47-4D8B-B6E6-2770BA922448}.Debug|Any CPU.Build.0 = Debug|Any CPU
		{EAB25E3C-BB47-4D8B-B6E6-2770BA922448}.Release|Any CPU.ActiveCfg = Release|Any CPU
		{EAB25E3C-BB47-4D8B-B6E6-2770BA922448}.Release|Any CPU.Build.0 = Release|Any CPU
	EndGlobalSection
	GlobalSection(SolutionProperties) = preSolution
		HideSolutionNode = FALSE
	EndGlobalSection
	GlobalSection(NestedProjects) = preSolution
		{29F06FCC-08A1-47E7-BD83-9C0AB6F1DB7C} = {CE0D7DF2-5343-4277-99B4-595407930582}
		{2D910A8D-DA83-4A1D-B24B-4F86B4D2C913} = {158819D8-F88C-4F77-890F-D0C2E4D56C08}
		{47CCBF75-4B41-41CB-9201-94D09A046C7D} = {158819D8-F88C-4F77-890F-D0C2E4D56C08}
		{97639CDE-C698-4FD7-995F-8AE44F1BF8E0} = {158819D8-F88C-4F77-890F-D0C2E4D56C08}
		{83D92240-965A-4E84-8686-48EAAA153FE6} = {E48489AB-B880-4C98-92D3-4E171FB1735C}
		{5657C855-7F41-4BBD-8F28-6158C9F4412B} = {37ABC77B-D881-471D-AF7A-1A5E8118D534}
		{EAB25E3C-BB47-4D8B-B6E6-2770BA922448} = {7DF84E8F-934C-4AF3-9AA1-5465BF597E57}
	EndGlobalSection
	GlobalSection(ExtensibilityGlobals) = postSolution
		SolutionGuid = {EFA92856-B041-4D18-B733-EC53980E9492}
	EndGlobalSection
EndGlobal
